
Microsoft Visual Studio Solution File, Format Version 12.00
# Visual Studio 15
VisualStudioVersion = 15.0.27130.2027
MinimumVisualStudioVersion = 10.0.40219.1
Project("{FAE04EC0-301F-11D3-BF4B-00C04F79EFBC}") = "EPiServerAlloy", "EPiServerAlloy\EPiServerAlloy.csproj", "{BFA024E4-BA46-46E7-AB0C-385F8C0A1297}"
EndProject
Global
	GlobalSection(SolutionConfigurationPlatforms) = preSolution
		Debug|Any CPU = Debug|Any CPU
		Release|Any CPU = Release|Any CPU
	EndGlobalSection
	GlobalSection(ProjectConfigurationPlatforms) = postSolution
		{BFA024E4-BA46-46E7-AB0C-385F8C0A1297}.Debug|Any CPU.ActiveCfg = Debug|Any CPU
		{BFA024E4-BA46-46E7-AB0C-385F8C0A1297}.Debug|Any CPU.Build.0 = Debug|Any CPU
		{BFA024E4-BA46-46E7-AB0C-385F8C0A1297}.Release|Any CPU.ActiveCfg = Release|Any CPU
		{BFA024E4-BA46-46E7-AB0C-385F8C0A1297}.Release|Any CPU.Build.0 = Release|Any CPU
	EndGlobalSection
	GlobalSection(SolutionProperties) = preSolution
		HideSolutionNode = FALSE
	EndGlobalSection
	GlobalSection(ExtensibilityGlobals) = postSolution
		SolutionGuid = {4FAD0754-D7C9-4AB1-9754-B6230998EAC8}
	EndGlobalSection
EndGlobal
